{
    "name": "eslint-config-root",
    "version": "0.0.1",
    "lockfileVersion": 2,
    "requires": true,
    "packages": {
        "": {
            "name": "eslint-config-root",
            "version": "0.0.1",
            "devDependencies": {
                "@lars-reimann/prettier-config": "*"
            }
        },
        "node_modules/@lars-reimann/prettier-config": {
            "version": "3.0.1",
            "resolved": "https://registry.npmjs.org/@lars-reimann/prettier-config/-/prettier-config-3.0.1.tgz",
            "integrity": "sha512-Xs/XcfoF0XHqaQ51n4NCR8UTn08XqpTaT6qP5a0XP+5iQ5KWYCyMlJO2q9W5yKFE7xU5kdvqxbt8bOpMUKXhoQ==",
            "dev": true,
            "peerDependencies": {
                "prettier": ">= 2"
            }
        },
        "node_modules/prettier": {
            "version": "2.3.2",
            "resolved": "https://registry.npmjs.org/prettier/-/prettier-2.3.2.tgz",
            "integrity": "sha512-lnJzDfJ66zkMy58OL5/NY5zp70S7Nz6KqcKkXYzn2tMVrNxvbqaBpg7H3qHaLxCJ5lNMsGuM8+ohS7cZrthdLQ==",
            "dev": true,
            "peer": true,
            "bin": {
                "prettier": "bin-prettier.js"
            },
            "engines": {
                "node": ">=10.13.0"
            }
        }
    },
    "dependencies": {
        "@lars-reimann/prettier-config": {
            "version": "3.0.1",
            "resolved": "https://registry.npmjs.org/@lars-reimann/prettier-config/-/prettier-config-3.0.1.tgz",
            "integrity": "sha512-Xs/XcfoF0XHqaQ51n4NCR8UTn08XqpTaT6qP5a0XP+5iQ5KWYCyMlJO2q9W5yKFE7xU5kdvqxbt8bOpMUKXhoQ==",
            "dev": true,
            "requires": {}
        },
        "prettier": {
            "version": "2.3.2",
            "resolved": "https://registry.npmjs.org/prettier/-/prettier-2.3.2.tgz",
            "integrity": "sha512-lnJzDfJ66zkMy58OL5/NY5zp70S7Nz6KqcKkXYzn2tMVrNxvbqaBpg7H3qHaLxCJ5lNMsGuM8+ohS7cZrthdLQ==",
            "dev": true,
            "peer": true
        }
    }
}
